{
  "pins" : [
    {
      "identity" : "ios-branch-sdk-spm",
      "kind" : "remoteSourceControl",
      "location" : "https://github.com/BranchMetrics/ios-branch-sdk-spm",
      "state" : {
        "revision" : "69373023ff480407ad9251d74ffc07e28d209db9",
        "version" : "3.0.0"
      }
    }
  ],
  "version" : 2
}
